
Microsoft Visual Studio Solution File, Format Version 12.00
# Visual Studio 15
VisualStudioVersion = 15.0.28307.168
MinimumVisualStudioVersion = 10.0.40219.1
Project("{FAE04EC0-301F-11D3-BF4B-00C04F79EFBC}") = "TestApp.Service.Analysis", "TestApp.Service.Analysis\TestApp.Service.Analysis.csproj", "{8088E819-FB84-4A9B-826E-370CB3C91644}"
EndProject
Project("{9A19103F-16F7-4668-BE54-9A1E7A4F7556}") = "TestApp.Core.Models", "..\..\TestApp.Core\TestApp.Core.Models\TestApp.Core.Models.csproj", "{986C1247-8F53-493F-9526-0764CF9F29C7}"
EndProject
Project("{9A19103F-16F7-4668-BE54-9A1E7A4F7556}") = "TestApp.Core.FileStorage", "..\..\TestApp.Core\TestApp.Core.FileStorage\TestApp.Core.FileStorage.csproj", "{732C7BDE-5B44-42E9-88F1-F1B889374C2E}"
EndProject
Global
	GlobalSection(SolutionConfigurationPlatforms) = preSolution
		Debug|Any CPU = Debug|Any CPU
		Release|Any CPU = Release|Any CPU
	EndGlobalSection
	GlobalSection(ProjectConfigurationPlatforms) = postSolution
		{8088E819-FB84-4A9B-826E-370CB3C91644}.Debug|Any CPU.ActiveCfg = Debug|Any CPU
		{8088E819-FB84-4A9B-826E-370CB3C91644}.Debug|Any CPU.Build.0 = Debug|Any CPU
		{8088E819-FB84-4A9B-826E-370CB3C91644}.Release|Any CPU.ActiveCfg = Release|Any CPU
		{8088E819-FB84-4A9B-826E-370CB3C91644}.Release|Any CPU.Build.0 = Release|Any CPU
		{986C1247-8F53-493F-9526-0764CF9F29C7}.Debug|Any CPU.ActiveCfg = Debug|Any CPU
		{986C1247-8F53-493F-9526-0764CF9F29C7}.Debug|Any CPU.Build.0 = Debug|Any CPU
		{986C1247-8F53-493F-9526-0764CF9F29C7}.Release|Any CPU.ActiveCfg = Release|Any CPU
		{986C1247-8F53-493F-9526-0764CF9F29C7}.Release|Any CPU.Build.0 = Release|Any CPU
		{732C7BDE-5B44-42E9-88F1-F1B889374C2E}.Debug|Any CPU.ActiveCfg = Debug|Any CPU
		{732C7BDE-5B44-42E9-88F1-F1B889374C2E}.Debug|Any CPU.Build.0 = Debug|Any CPU
		{732C7BDE-5B44-42E9-88F1-F1B889374C2E}.Release|Any CPU.ActiveCfg = Release|Any CPU
		{732C7BDE-5B44-42E9-88F1-F1B889374C2E}.Release|Any CPU.Build.0 = Release|Any CPU
	EndGlobalSection
	GlobalSection(SolutionProperties) = preSolution
		HideSolutionNode = FALSE
	EndGlobalSection
	GlobalSection(ExtensibilityGlobals) = postSolution
		SolutionGuid = {003CDB3C-5A1C-42F1-97EA-F4C49898A04F}
	EndGlobalSection
EndGlobal
