
Microsoft Visual Studio Solution File, Format Version 12.00
# Visual Studio 15
VisualStudioVersion = 15.0.28307.168
MinimumVisualStudioVersion = 10.0.40219.1
Project("{9A19103F-16F7-4668-BE54-9A1E7A4F7556}") = "TestApp.Service.Files", "TestApp.Service.Files\TestApp.Service.Files.csproj", "{10A43033-E46C-4B0F-9495-7D420D5F16E0}"
EndProject
Project("{9A19103F-16F7-4668-BE54-9A1E7A4F7556}") = "TestApp.Core.FileStorage", "..\..\TestApp.Core\TestApp.Core.FileStorage\TestApp.Core.FileStorage.csproj", "{5D789360-58B6-4125-B076-907B1489223D}"
EndProject
Project("{9A19103F-16F7-4668-BE54-9A1E7A4F7556}") = "TestApp.Core.Models", "..\..\TestApp.Core\TestApp.Core.Models\TestApp.Core.Models.csproj", "{8413E0A3-CAA2-4ACC-954D-36C96430FDBA}"
EndProject
Project("{9A19103F-16F7-4668-BE54-9A1E7A4F7556}") = "TestApp.Core.Common", "..\..\TestApp.Core\TestApp.Core.Common\TestApp.Core.Common.csproj", "{6869C1C6-3DEC-4353-AE10-84F69215AFC7}"
EndProject
Global
	GlobalSection(SolutionConfigurationPlatforms) = preSolution
		Debug|Any CPU = Debug|Any CPU
		Release|Any CPU = Release|Any CPU
	EndGlobalSection
	GlobalSection(ProjectConfigurationPlatforms) = postSolution
		{10A43033-E46C-4B0F-9495-7D420D5F16E0}.Debug|Any CPU.ActiveCfg = Debug|Any CPU
		{10A43033-E46C-4B0F-9495-7D420D5F16E0}.Debug|Any CPU.Build.0 = Debug|Any CPU
		{10A43033-E46C-4B0F-9495-7D420D5F16E0}.Release|Any CPU.ActiveCfg = Release|Any CPU
		{10A43033-E46C-4B0F-9495-7D420D5F16E0}.Release|Any CPU.Build.0 = Release|Any CPU
		{5D789360-58B6-4125-B076-907B1489223D}.Debug|Any CPU.ActiveCfg = Debug|Any CPU
		{5D789360-58B6-4125-B076-907B1489223D}.Debug|Any CPU.Build.0 = Debug|Any CPU
		{5D789360-58B6-4125-B076-907B1489223D}.Release|Any CPU.ActiveCfg = Release|Any CPU
		{5D789360-58B6-4125-B076-907B1489223D}.Release|Any CPU.Build.0 = Release|Any CPU
		{8413E0A3-CAA2-4ACC-954D-36C96430FDBA}.Debug|Any CPU.ActiveCfg = Debug|Any CPU
		{8413E0A3-CAA2-4ACC-954D-36C96430FDBA}.Debug|Any CPU.Build.0 = Debug|Any CPU
		{8413E0A3-CAA2-4ACC-954D-36C96430FDBA}.Release|Any CPU.ActiveCfg = Release|Any CPU
		{8413E0A3-CAA2-4ACC-954D-36C96430FDBA}.Release|Any CPU.Build.0 = Release|Any CPU
		{6869C1C6-3DEC-4353-AE10-84F69215AFC7}.Debug|Any CPU.ActiveCfg = Debug|Any CPU
		{6869C1C6-3DEC-4353-AE10-84F69215AFC7}.Debug|Any CPU.Build.0 = Debug|Any CPU
		{6869C1C6-3DEC-4353-AE10-84F69215AFC7}.Release|Any CPU.ActiveCfg = Release|Any CPU
		{6869C1C6-3DEC-4353-AE10-84F69215AFC7}.Release|Any CPU.Build.0 = Release|Any CPU
	EndGlobalSection
	GlobalSection(SolutionProperties) = preSolution
		HideSolutionNode = FALSE
	EndGlobalSection
	GlobalSection(ExtensibilityGlobals) = postSolution
		SolutionGuid = {66129D31-C89F-4346-9FC3-30C5BD29F422}
	EndGlobalSection
EndGlobal
